
Microsoft Visual Studio Solution File, Format Version 12.00
# Visual Studio Version 17
VisualStudioVersion = 17.0.31903.59
MinimumVisualStudioVersion = 10.0.40219.1
Project("{2150E333-8FDC-42A3-9474-1A3956D46DE8}") = "src", "src", "{139366F4-9C7C-454D-BA99-684BD34954D1}"
EndProject
Project("{FAE04EC0-301F-11D3-BF4B-00C04F79EFBC}") = "GigaChat.Core", "src\GigaChat.Core\GigaChat.Core.csproj", "{F60D8DA2-EC6F-41E9-8557-8BCC6C6E6C0C}"
EndProject
Project("{FAE04EC0-301F-11D3-BF4B-00C04F79EFBC}") = "GigaChat.Data", "src\GigaChat.Data\GigaChat.Data.csproj", "{662EBC44-CBF7-4A53-A99C-EF63C8E0A446}"
EndProject
Project("{FAE04EC0-301F-11D3-BF4B-00C04F79EFBC}") = "GigaChat.Server", "src\GigaChat.Server\GigaChat.Server.csproj", "{F8E332CB-6D34-4527-841C-077CBA56A68D}"
EndProject
Project("{FAE04EC0-301F-11D3-BF4B-00C04F79EFBC}") = "GigaChat.Migrations", "src\GigaChat.Migrations\GigaChat.Migrations.csproj", "{89A54B99-D50B-4565-A7EA-E3CEB3CC2AB8}"
EndProject
Project("{FAE04EC0-301F-11D3-BF4B-00C04F79EFBC}") = "GigaChat.Contracts", "src\GigaChat.Contracts\GigaChat.Contracts.csproj", "{5C34F5AC-C18E-485C-8BC5-35D96DC07A9C}"
EndProject
Global
	GlobalSection(SolutionConfigurationPlatforms) = preSolution
		Debug|Any CPU = Debug|Any CPU
		Release|Any CPU = Release|Any CPU
	EndGlobalSection
	GlobalSection(SolutionProperties) = preSolution
		HideSolutionNode = FALSE
	EndGlobalSection
	GlobalSection(ProjectConfigurationPlatforms) = postSolution
		{F60D8DA2-EC6F-41E9-8557-8BCC6C6E6C0C}.Debug|Any CPU.ActiveCfg = Debug|Any CPU
		{F60D8DA2-EC6F-41E9-8557-8BCC6C6E6C0C}.Debug|Any CPU.Build.0 = Debug|Any CPU
		{F60D8DA2-EC6F-41E9-8557-8BCC6C6E6C0C}.Release|Any CPU.ActiveCfg = Release|Any CPU
		{F60D8DA2-EC6F-41E9-8557-8BCC6C6E6C0C}.Release|Any CPU.Build.0 = Release|Any CPU
		{662EBC44-CBF7-4A53-A99C-EF63C8E0A446}.Debug|Any CPU.ActiveCfg = Debug|Any CPU
		{662EBC44-CBF7-4A53-A99C-EF63C8E0A446}.Debug|Any CPU.Build.0 = Debug|Any CPU
		{662EBC44-CBF7-4A53-A99C-EF63C8E0A446}.Release|Any CPU.ActiveCfg = Release|Any CPU
		{662EBC44-CBF7-4A53-A99C-EF63C8E0A446}.Release|Any CPU.Build.0 = Release|Any CPU
		{F8E332CB-6D34-4527-841C-077CBA56A68D}.Debug|Any CPU.ActiveCfg = Debug|Any CPU
		{F8E332CB-6D34-4527-841C-077CBA56A68D}.Debug|Any CPU.Build.0 = Debug|Any CPU
		{F8E332CB-6D34-4527-841C-077CBA56A68D}.Release|Any CPU.ActiveCfg = Release|Any CPU
		{F8E332CB-6D34-4527-841C-077CBA56A68D}.Release|Any CPU.Build.0 = Release|Any CPU
		{89A54B99-D50B-4565-A7EA-E3CEB3CC2AB8}.Debug|Any CPU.ActiveCfg = Debug|Any CPU
		{89A54B99-D50B-4565-A7EA-E3CEB3CC2AB8}.Debug|Any CPU.Build.0 = Debug|Any CPU
		{89A54B99-D50B-4565-A7EA-E3CEB3CC2AB8}.Release|Any CPU.ActiveCfg = Release|Any CPU
		{89A54B99-D50B-4565-A7EA-E3CEB3CC2AB8}.Release|Any CPU.Build.0 = Release|Any CPU
		{5C34F5AC-C18E-485C-8BC5-35D96DC07A9C}.Debug|Any CPU.ActiveCfg = Debug|Any CPU
		{5C34F5AC-C18E-485C-8BC5-35D96DC07A9C}.Debug|Any CPU.Build.0 = Debug|Any CPU
		{5C34F5AC-C18E-485C-8BC5-35D96DC07A9C}.Release|Any CPU.ActiveCfg = Release|Any CPU
		{5C34F5AC-C18E-485C-8BC5-35D96DC07A9C}.Release|Any CPU.Build.0 = Release|Any CPU
	EndGlobalSection
	GlobalSection(NestedProjects) = preSolution
		{F60D8DA2-EC6F-41E9-8557-8BCC6C6E6C0C} = {139366F4-9C7C-454D-BA99-684BD34954D1}
		{662EBC44-CBF7-4A53-A99C-EF63C8E0A446} = {139366F4-9C7C-454D-BA99-684BD34954D1}
		{F8E332CB-6D34-4527-841C-077CBA56A68D} = {139366F4-9C7C-454D-BA99-684BD34954D1}
		{89A54B99-D50B-4565-A7EA-E3CEB3CC2AB8} = {139366F4-9C7C-454D-BA99-684BD34954D1}
		{5C34F5AC-C18E-485C-8BC5-35D96DC07A9C} = {139366F4-9C7C-454D-BA99-684BD34954D1}
	EndGlobalSection
EndGlobal
